// !$*UTF8*$!
{
	archiveVersion = 1;
	classes = {
	};
	objectVersion = 50;
	objects = {

/* Begin PBXBuildFile section */
		D0B2E801227341E200840E5A /* AppDelegate.swift in Sources */ = {isa = PBXBuildFile; fileRef = D0B2E800227341E200840E5A /* AppDelegate.swift */; };
		D0B2E803227341E200840E5A /* ViewController.swift in Sources */ = {isa = PBXBuildFile; fileRef = D0B2E802227341E200840E5A /* ViewController.swift */; };
		D0B2E806227341E200840E5A /* Main.storyboard in Resources */ = {isa = PBXBuildFile; fileRef = D0B2E804227341E200840E5A /* Main.storyboard */; };
		D0B2E808227341E300840E5A /* Assets.xcassets in Resources */ = {isa = PBXBuildFile; fileRef = D0B2E807227341E300840E5A /* Assets.xcassets */; };
		D0B2E80B227341E300840E5A /* LaunchScreen.storyboard in Resources */ = {isa = PBXBuildFile; fileRef = D0B2E809227341E300840E5A /* LaunchScreen.storyboard */; };
		D0B2E816227341E400840E5A /* agingPeopleTests.swift in Sources */ = {isa = PBXBuildFile; fileRef = D0B2E815227341E400840E5A /* agingPeopleTests.swift */; };
		D0B2E821227341E400840E5A /* agingPeopleUITests.swift in Sources */ = {isa = PBXBuildFile; fileRef = D0B2E820227341E400840E5A /* agingPeopleUITests.swift */; };
/* End PBXBuildFile section */

/* Begin PBXContainerItemProxy section */
		D0B2E812227341E400840E5A /* PBXContainerItemProxy */ = {
			isa = PBXContainerItemProxy;
			containerPortal = D0B2E7F5227341E200840E5A /* Project object */;
			proxyType = 1;
			remoteGlobalIDString = D0B2E7FC227341E200840E5A;
			remoteInfo = agingPeople;
		};
		D0B2E81D227341E400840E5A /* PBXContainerItemProxy */ = {
			isa = PBXContainerItemProxy;
			containerPortal = D0B2E7F5227341E200840E5A /* Project object */;
			proxyType = 1;
			remoteGlobalIDString = D0B2E7FC227341E200840E5A;
			remoteInfo = agingPeople;
		};
/* End PBXContainerItemProxy section */

/* Begin PBXFileReference section */
		D0B2E7FD227341E200840E5A /* agingPeople.app */ = {isa = PBXFileReference; explicitFileType = wrapper.application; includeInIndex = 0; path = agingPeople.app; sourceTree = BUILT_PRODUCTS_DIR; };
		D0B2E800227341E200840E5A /* AppDelegate.swift */ = {isa = PBXFileReference; lastKnownFileType = sourcecode.swift; path = AppDelegate.swift; sourceTree = "<group>"; };
		D0B2E802227341E200840E5A /* ViewController.swift */ = {isa = PBXFileReference; lastKnownFileType = sourcecode.swift; path = ViewController.swift; sourceTree = "<group>"; };
		D0B2E805227341E200840E5A /* Base */ = {isa = PBXFileReference; lastKnownFileType = file.storyboard; name = Base; path = Base.lproj/Main.storyboard; sourceTree = "<group>"; };
		D0B2E807227341E300840E5A /* Assets.xcassets */ = {isa = PBXFileReference; lastKnownFileType = folder.assetcatalog; path = Assets.xcassets; sourceTree = "<group>"; };
		D0B2E80A227341E300840E5A /* Base */ = {isa = PBXFileReference; lastKnownFileType = file.storyboard; name = Base; path = Base.lproj/LaunchScreen.storyboard; sourceTree = "<group>"; };
		D0B2E80C227341E300840E5A /* Info.plist */ = {isa = PBXFileReference; lastKnownFileType = text.plist.xml; path = Info.plist; sourceTree = "<group>"; };
		D0B2E811227341E400840E5A /* agingPeopleTests.xctest */ = {isa = PBXFileReference; explicitFileType = wrapper.cfbundle; includeInIndex = 0; path = agingPeopleTests.xctest; sourceTree = BUILT_PRODUCTS_DIR; };
		D0B2E815227341E400840E5A /* agingPeopleTests.swift */ = {isa = PBXFileReference; lastKnownFileType = sourcecode.swift; path = agingPeopleTests.swift; sourceTree = "<group>"; };
		D0B2E817227341E400840E5A /* Info.plist */ = {isa = PBXFileReference; lastKnownFileType = text.plist.xml; path = Info.plist; sourceTree = "<group>"; };
		D0B2E81C227341E400840E5A /* agingPeopleUITests.xctest */ = {isa = PBXFileReference; explicitFileType = wrapper.cfbundle; includeInIndex = 0; path = agingPeopleUITests.xctest; sourceTree = BUILT_PRODUCTS_DIR; };
		D0B2E820227341E400840E5A /* agingPeopleUITests.swift */ = {isa = PBXFileReference; lastKnownFileType = sourcecode.swift; path = agingPeopleUITests.swift; sourceTree = "<group>"; };
		D0B2E822227341E400840E5A /* Info.plist */ = {isa = PBXFileReference; lastKnownFileType = text.plist.xml; path = Info.plist; sourceTree = "<group>"; };
/* End PBXFileReference section */

/* Begin PBXFrameworksBuildPhase section */
		D0B2E7FA227341E200840E5A /* Frameworks */ = {
			isa = PBXFrameworksBuildPhase;
			buildActionMask = 2147483647;
			files = (
			);
			runOnlyForDeploymentPostprocessing = 0;
		};
		D0B2E80E227341E400840E5A /* Frameworks */ = {
			isa = PBXFrameworksBuildPhase;
			buildActionMask = 2147483647;
			files = (
			);
			runOnlyForDeploymentPostprocessing = 0;
		};
		D0B2E819227341E400840E5A /* Frameworks */ = {
			isa = PBXFrameworksBuildPhase;
			buildActionMask = 2147483647;
			files = (
			);
			runOnlyForDeploymentPostprocessing = 0;
		};
/* End PBXFrameworksBuildPhase section */

/* Begin PBXGroup section */
		D0B2E7F4227341E200840E5A = {
			isa = PBXGroup;
			children = (
				D0B2E7FF227341E200840E5A /* agingPeople */,
				D0B2E814227341E400840E5A /* agingPeopleTests */,
				D0B2E81F227341E400840E5A /* agingPeopleUITests */,
				D0B2E7FE227341E200840E5A /* Products */,
			);
			sourceTree = "<group>";
		};
		D0B2E7FE227341E200840E5A /* Products */ = {
			isa = PBXGroup;
			children = (
				D0B2E7FD227341E200840E5A /* agingPeople.app */,
				D0B2E811227341E400840E5A /* agingPeopleTests.xctest */,
				D0B2E81C227341E400840E5A /* agingPeopleUITests.xctest */,
			);
			name = Products;
			sourceTree = "<group>";
		};
		D0B2E7FF227341E200840E5A /* agingPeople */ = {
			isa = PBXGroup;
			children = (
				D0B2E800227341E200840E5A /* AppDelegate.swift */,
				D0B2E802227341E200840E5A /* ViewController.swift */,
				D0B2E804227341E200840E5A /* Main.storyboard */,
				D0B2E807227341E300840E5A /* Assets.xcassets */,
				D0B2E809227341E300840E5A /* LaunchScreen.storyboard */,
				D0B2E80C227341E300840E5A /* Info.plist */,
			);
			path = agingPeople;
			sourceTree = "<group>";
		};
		D0B2E814227341E400840E5A /* agingPeopleTests */ = {
			isa = PBXGroup;
			children = (
				D0B2E815227341E400840E5A /* agingPeopleTests.swift */,
				D0B2E817227341E400840E5A /* Info.plist */,
			);
			path = agingPeopleTests;
			sourceTree = "<group>";
		};
		D0B2E81F227341E400840E5A /* agingPeopleUITests */ = {
			isa = PBXGroup;
			children = (
				D0B2E820227341E400840E5A /* agingPeopleUITests.swift */,
				D0B2E822227341E400840E5A /* Info.plist */,
			);
			path = agingPeopleUITests;
			sourceTree = "<group>";
		};
/* End PBXGroup section */

/* Begin PBXNativeTarget section */
		D0B2E7FC227341E200840E5A /* agingPeople */ = {
			isa = PBXNativeTarget;
			buildConfigurationList = D0B2E825227341E400840E5A /* Build configuration list for PBXNativeTarget "agingPeople" */;
			buildPhases = (
				D0B2E7F9227341E200840E5A /* Sources */,
				D0B2E7FA227341E200840E5A /* Frameworks */,
				D0B2E7FB227341E200840E5A /* Resources */,
			);
			buildRules = (
			);
			dependencies = (
			);
			name = agingPeople;
			productName = agingPeople;
			productReference = D0B2E7FD227341E200840E5A /* agingPeople.app */;
			productType = "com.apple.product-type.application";
		};
		D0B2E810227341E400840E5A /* agingPeopleTests */ = {
			isa = PBXNativeTarget;
			buildConfigurationList = D0B2E828227341E400840E5A /* Build configuration list for PBXNativeTarget "agingPeopleTests" */;
			buildPhases = (
				D0B2E80D227341E400840E5A /* Sources */,
				D0B2E80E227341E400840E5A /* Frameworks */,
				D0B2E80F227341E400840E5A /* Resources */,
			);
			buildRules = (
			);
			dependencies = (
				D0B2E813227341E400840E5A /* PBXTargetDependency */,
			);
			name = agingPeopleTests;
			productName = agingPeopleTests;
			productReference = D0B2E811227341E400840E5A /* agingPeopleTests.xctest */;
			productType = "com.apple.product-type.bundle.unit-test";
		};
		D0B2E81B227341E400840E5A /* agingPeopleUITests */ = {
			isa = PBXNativeTarget;
			buildConfigurationList = D0B2E82B227341E400840E5A /* Build configuration list for PBXNativeTarget "agingPeopleUITests" */;
			buildPhases = (
				D0B2E818227341E400840E5A /* Sources */,
				D0B2E819227341E400840E5A /* Frameworks */,
				D0B2E81A227341E400840E5A /* Resources */,
			);
			buildRules = (
			);
			dependencies = (
				D0B2E81E227341E400840E5A /* PBXTargetDependency */,
			);
			name = agingPeopleUITests;
			productName = agingPeopleUITests;
			productReference = D0B2E81C227341E400840E5A /* agingPeopleUITests.xctest */;
			productType = "com.apple.product-type.bundle.ui-testing";
		};
/* End PBXNativeTarget section */

/* Begin PBXProject section */
		D0B2E7F5227341E200840E5A /* Project object */ = {
			isa = PBXProject;
			attributes = {
				LastSwiftUpdateCheck = 1010;
				LastUpgradeCheck = 1010;
				ORGANIZATIONNAME = "Justin Trautner";
				TargetAttributes = {
					D0B2E7FC227341E200840E5A = {
						CreatedOnToolsVersion = 10.1;
					};
					D0B2E810227341E400840E5A = {
						CreatedOnToolsVersion = 10.1;
						TestTargetID = D0B2E7FC227341E200840E5A;
					};
					D0B2E81B227341E400840E5A = {
						CreatedOnToolsVersion = 10.1;
						TestTargetID = D0B2E7FC227341E200840E5A;
					};
				};
			};
			buildConfigurationList = D0B2E7F8227341E200840E5A /* Build configuration list for PBXProject "agingPeople" */;
			compatibilityVersion = "Xcode 9.3";
			developmentRegion = en;
			hasScannedForEncodings = 0;
			knownRegions = (
				en,
				Base,
			);
			mainGroup = D0B2E7F4227341E200840E5A;
			productRefGroup = D0B2E7FE227341E200840E5A /* Products */;
			projectDirPath = "";
			projectRoot = "";
			targets = (
				D0B2E7FC227341E200840E5A /* agingPeople */,
				D0B2E810227341E400840E5A /* agingPeopleTests */,
				D0B2E81B227341E400840E5A /* agingPeopleUITests */,
			);
		};
/* End PBXProject section */

/* Begin PBXResourcesBuildPhase section */
		D0B2E7FB227341E200840E5A /* Resources */ = {
			isa = PBXResourcesBuildPhase;
			buildActionMask = 2147483647;
			files = (
				D0B2E80B227341E300840E5A /* LaunchScreen.storyboard in Resources */,
				D0B2E808227341E300840E5A /* Assets.xcassets in Resources */,
				D0B2E806227341E200840E5A /* Main.storyboard in Resources */,
			);
			runOnlyForDeploymentPostprocessing = 0;
		};
		D0B2E80F227341E400840E5A /* Resources */ = {
			isa = PBXResourcesBuildPhase;
			buildActionMask = 2147483647;
			files = (
			);
			runOnlyForDeploymentPostprocessing = 0;
		};
		D0B2E81A227341E400840E5A /* Resources */ = {
			isa = PBXResourcesBuildPhase;
			buildActionMask = 2147483647;
			files = (
			);
			runOnlyForDeploymentPostprocessing = 0;
		};
/* End PBXResourcesBuildPhase section */

/* Begin PBXSourcesBuildPhase section */
		D0B2E7F9227341E200840E5A /* Sources */ = {
			isa = PBXSourcesBuildPhase;
			buildActionMask = 2147483647;
			files = (
				D0B2E803227341E200840E5A /* ViewController.swift in Sources */,
				D0B2E801227341E200840E5A /* AppDelegate.swift in Sources */,
			);
			runOnlyForDeploymentPostprocessing = 0;
		};
		D0B2E80D227341E400840E5A /* Sources */ = {
			isa = PBXSourcesBuildPhase;
			buildActionMask = 2147483647;
			files = (
				D0B2E816227341E400840E5A /* agingPeopleTests.swift in Sources */,
			);
			runOnlyForDeploymentPostprocessing = 0;
		};
		D0B2E818227341E400840E5A /* Sources */ = {
			isa = PBXSourcesBuildPhase;
			buildActionMask = 2147483647;
			files = (
				D0B2E821227341E400840E5A /* agingPeopleUITests.swift in Sources */,
			);
			runOnlyForDeploymentPostprocessing = 0;
		};
/* End PBXSourcesBuildPhase section */

/* Begin PBXTargetDependency section */
		D0B2E813227341E400840E5A /* PBXTargetDependency */ = {
			isa = PBXTargetDependency;
			target = D0B2E7FC227341E200840E5A /* agingPeople */;
			targetProxy = D0B2E812227341E400840E5A /* PBXContainerItemProxy */;
		};
		D0B2E81E227341E400840E5A /* PBXTargetDependency */ = {
			isa = PBXTargetDependency;
			target = D0B2E7FC227341E200840E5A /* agingPeople */;
			targetProxy = D0B2E81D227341E400840E5A /* PBXContainerItemProxy */;
		};
/* End PBXTargetDependency section */

/* Begin PBXVariantGroup section */
		D0B2E804227341E200840E5A /* Main.storyboard */ = {
			isa = PBXVariantGroup;
			children = (
				D0B2E805227341E200840E5A /* Base */,
			);
			name = Main.storyboard;
			sourceTree = "<group>";
		};
		D0B2E809227341E300840E5A /* LaunchScreen.storyboard */ = {
			isa = PBXVariantGroup;
			children = (
				D0B2E80A227341E300840E5A /* Base */,
			);
			name = LaunchScreen.storyboard;
			sourceTree = "<group>";
		};
/* End PBXVariantGroup section */

/* Begin XCBuildConfiguration section */
		D0B2E823227341E400840E5A /* Debug */ = {
			isa = XCBuildConfiguration;
			buildSettings = {
				ALWAYS_SEARCH_USER_PATHS = NO;
				CLANG_ANALYZER_NONNULL = YES;
				CLANG_ANALYZER_NUMBER_OBJECT_CONVERSION = YES_AGGRESSIVE;
				CLANG_CXX_LANGUAGE_STANDARD = "gnu++14";
				CLANG_CXX_LIBRARY = "libc++";
				CLANG_ENABLE_MODULES = YES;
				CLANG_ENABLE_OBJC_ARC = YES;
				CLANG_ENABLE_OBJC_WEAK = YES;
				CLANG_WARN_BLOCK_CAPTURE_AUTORELEASING = YES;
				CLANG_WARN_BOOL_CONVERSION = YES;
				CLANG_WARN_COMMA = YES;
				CLANG_WARN_CONSTANT_CONVERSION = YES;
				CLANG_WARN_DEPRECATED_OBJC_IMPLEMENTATIONS = YES;
				CLANG_WARN_DIRECT_OBJC_ISA_USAGE = YES_ERROR;
				CLANG_WARN_DOCUMENTATION_COMMENTS = YES;
				CLANG_WARN_EMPTY_BODY = YES;
				CLANG_WARN_ENUM_CONVERSION = YES;
				CLANG_WARN_INFINITE_RECURSION = YES;
				CLANG_WARN_INT_CONVERSION = YES;
				CLANG_WARN_NON_LITERAL_NULL_CONVERSION = YES;
				CLANG_WARN_OBJC_IMPLICIT_RETAIN_SELF = YES;
				CLANG_WARN_OBJC_LITERAL_CONVERSION = YES;
				CLANG_WARN_OBJC_ROOT_CLASS = YES_ERROR;
				CLANG_WARN_RANGE_LOOP_ANALYSIS = YES;
				CLANG_WARN_STRICT_PROTOTYPES = YES;
				CLANG_WARN_SUSPICIOUS_MOVE = YES;
				CLANG_WARN_UNGUARDED_AVAILABILITY = YES_AGGRESSIVE;
				CLANG_WARN_UNREACHABLE_CODE = YES;
				CLANG_WARN__DUPLICATE_METHOD_MATCH = YES;
				CODE_SIGN_IDENTITY = "iPhone Developer";
				COPY_PHASE_STRIP = NO;
				DEBUG_INFORMATION_FORMAT = dwarf;
				ENABLE_STRICT_OBJC_MSGSEND = YES;
				ENABLE_TESTABILITY = YES;
				GCC_C_LANGUAGE_STANDARD = gnu11;
				GCC_DYNAMIC_NO_PIC = NO;
				GCC_NO_COMMON_BLOCKS = YES;
				GCC_OPTIMIZATION_LEVEL = 0;
				GCC_PREPROCESSOR_DEFINITIONS = (
					"DEBUG=1",
					"$(inherited)",
				);
				GCC_WARN_64_TO_32_BIT_CONVERSION = YES;
				GCC_WARN_ABOUT_RETURN_TYPE = YES_ERROR;
				GCC_WARN_UNDECLARED_SELECTOR = YES;
				GCC_WARN_UNINITIALIZED_AUTOS = YES_AGGRESSIVE;
				GCC_WARN_UNUSED_FUNCTION = YES;
				GCC_WARN_UNUSED_VARIABLE = YES;
				IPHONEOS_DEPLOYMENT_TARGET = 12.1;
				MTL_ENABLE_DEBUG_INFO = INCLUDE_SOURCE;
				MTL_FAST_MATH = YES;
				ONLY_ACTIVE_ARCH = YES;
				SDKROOT = iphoneos;
				SWIFT_ACTIVE_COMPILATION_CONDITIONS = DEBUG;
				SWIFT_OPTIMIZATION_LEVEL = "-Onone";
			};
			name = Debug;
		};
		D0B2E824227341E400840E5A /* Release */ = {
			isa = XCBuildConfiguration;
			buildSettings = {
				ALWAYS_SEARCH_USER_PATHS = NO;
				CLANG_ANALYZER_NONNULL = YES;
				CLANG_ANALYZER_NUMBER_OBJECT_CONVERSION = YES_AGGRESSIVE;
				CLANG_CXX_LANGUAGE_STANDARD = "gnu++14";
				CLANG_CXX_LIBRARY = "libc++";
				CLANG_ENABLE_MODULES = YES;
				CLANG_ENABLE_OBJC_ARC = YES;
				CLANG_ENABLE_OBJC_WEAK = YES;
				CLANG_WARN_BLOCK_CAPTURE_AUTORELEASING = YES;
				CLANG_WARN_BOOL_CONVERSION = YES;
				CLANG_WARN_COMMA = YES;
				CLANG_WARN_CONSTANT_CONVERSION = YES;
				CLANG_WARN_DEPRECATED_OBJC_IMPLEMENTATIONS = YES;
				CLANG_WARN_DIRECT_OBJC_ISA_USAGE = YES_ERROR;
				CLANG_WARN_DOCUMENTATION_COMMENTS = YES;
				CLANG_WARN_EMPTY_BODY = YES;
				CLANG_WARN_ENUM_CONVERSION = YES;
				CLANG_WARN_INFINITE_RECURSION = YES;
				CLANG_WARN_INT_CONVERSION = YES;
				CLANG_WARN_NON_LITERAL_NULL_CONVERSION = YES;
				CLANG_WARN_OBJC_IMPLICIT_RETAIN_SELF = YES;
				CLANG_WARN_OBJC_LITERAL_CONVERSION = YES;
				CLANG_WARN_OBJC_ROOT_CLASS = YES_ERROR;
				CLANG_WARN_RANGE_LOOP_ANALYSIS = YES;
				CLANG_WARN_STRICT_PROTOTYPES = YES;
				CLANG_WARN_SUSPICIOUS_MOVE = YES;
				CLANG_WARN_UNGUARDED_AVAILABILITY = YES_AGGRESSIVE;
				CLANG_WARN_UNREACHABLE_CODE = YES;
				CLANG_WARN__DUPLICATE_METHOD_MATCH = YES;
				CODE_SIGN_IDENTITY = "iPhone Developer";
				COPY_PHASE_STRIP = NO;
				DEBUG_INFORMATION_FORMAT = "dwarf-with-dsym";
				ENABLE_NS_ASSERTIONS = NO;
				ENABLE_STRICT_OBJC_MSGSEND = YES;
				GCC_C_LANGUAGE_STANDARD = gnu11;
				GCC_NO_COMMON_BLOCKS = YES;
				GCC_WARN_64_TO_32_BIT_CONVERSION = YES;
				GCC_WARN_ABOUT_RETURN_TYPE = YES_ERROR;
				GCC_WARN_UNDECLARED_SELECTOR = YES;
				GCC_WARN_UNINITIALIZED_AUTOS = YES_AGGRESSIVE;
				GCC_WARN_UNUSED_FUNCTION = YES;
				GCC_WARN_UNUSED_VARIABLE = YES;
				IPHONEOS_DEPLOYMENT_TARGET = 12.1;
				MTL_ENABLE_DEBUG_INFO = NO;
				MTL_FAST_MATH = YES;
				SDKROOT = iphoneos;
				SWIFT_COMPILATION_MODE = wholemodule;
				SWIFT_OPTIMIZATION_LEVEL = "-O";
				VALIDATE_PRODUCT = YES;
			};
			name = Release;
		};
		D0B2E826227341E400840E5A /* Debug */ = {
			isa = XCBuildConfiguration;
			buildSettings = {
				ASSETCATALOG_COMPILER_APPICON_NAME = AppIcon;
				CODE_SIGN_STYLE = Automatic;
				INFOPLIST_FILE = agingPeople/Info.plist;
				LD_RUNPATH_SEARCH_PATHS = (
					"$(inherited)",
					"@executable_path/Frameworks",
				);
				PRODUCT_BUNDLE_IDENTIFIER = com.justin.agingPeople;
				PRODUCT_NAME = "$(TARGET_NAME)";
				SWIFT_VERSION = 4.2;
				TARGETED_DEVICE_FAMILY = "1,2";
			};
			name = Debug;
		};
		D0B2E827227341E400840E5A /* Release */ = {
			isa = XCBuildConfiguration;
			buildSettings = {
				ASSETCATALOG_COMPILER_APPICON_NAME = AppIcon;
				CODE_SIGN_STYLE = Automatic;
				INFOPLIST_FILE = agingPeople/Info.plist;
				LD_RUNPATH_SEARCH_PATHS = (
					"$(inherited)",
					"@executable_path/Frameworks",
				);
				PRODUCT_BUNDLE_IDENTIFIER = com.justin.agingPeople;
				PRODUCT_NAME = "$(TARGET_NAME)";
				SWIFT_VERSION = 4.2;
				TARGETED_DEVICE_FAMILY = "1,2";
			};
			name = Release;
		};
		D0B2E829227341E400840E5A /* Debug */ = {
			isa = XCBuildConfiguration;
			buildSettings = {
				ALWAYS_EMBED_SWIFT_STANDARD_LIBRARIES = YES;
				BUNDLE_LOADER = "$(TEST_HOST)";
				CODE_SIGN_STYLE = Automatic;
				INFOPLIST_FILE = agingPeopleTests/Info.plist;
				LD_RUNPATH_SEARCH_PATHS = (
					"$(inherited)",
					"@executable_path/Frameworks",
					"@loader_path/Frameworks",
				);
				PRODUCT_BUNDLE_IDENTIFIER = com.justin.agingPeopleTests;
				PRODUCT_NAME = "$(TARGET_NAME)";
				SWIFT_VERSION = 4.2;
				TARGETED_DEVICE_FAMILY = "1,2";
				TEST_HOST = "$(BUILT_PRODUCTS_DIR)/agingPeople.app/agingPeople";
			};
			name = Debug;
		};
		D0B2E82A227341E400840E5A /* Release */ = {
			isa = XCBuildConfiguration;
			buildSettings = {
				ALWAYS_EMBED_SWIFT_STANDARD_LIBRARIES = YES;
				BUNDLE_LOADER = "$(TEST_HOST)";
				CODE_SIGN_STYLE = Automatic;
				INFOPLIST_FILE = agingPeopleTests/Info.plist;
				LD_RUNPATH_SEARCH_PATHS = (
					"$(inherited)",
					"@executable_path/Frameworks",
					"@loader_path/Frameworks",
				);
				PRODUCT_BUNDLE_IDENTIFIER = com.justin.agingPeopleTests;
				PRODUCT_NAME = "$(TARGET_NAME)";
				SWIFT_VERSION = 4.2;
				TARGETED_DEVICE_FAMILY = "1,2";
				TEST_HOST = "$(BUILT_PRODUCTS_DIR)/agingPeople.app/agingPeople";
			};
			name = Release;
		};
		D0B2E82C227341E400840E5A /* Debug */ = {
			isa = XCBuildConfiguration;
			buildSettings = {
				ALWAYS_EMBED_SWIFT_STANDARD_LIBRARIES = YES;
				CODE_SIGN_STYLE = Automatic;
				INFOPLIST_FILE = agingPeopleUITests/Info.plist;
				LD_RUNPATH_SEARCH_PATHS = (
					"$(inherited)",
					"@executable_path/Frameworks",
					"@loader_path/Frameworks",
				);
				PRODUCT_BUNDLE_IDENTIFIER = com.justin.agingPeopleUITests;
				PRODUCT_NAME = "$(TARGET_NAME)";
				SWIFT_VERSION = 4.2;
				TARGETED_DEVICE_FAMILY = "1,2";
				TEST_TARGET_NAME = agingPeople;
			};
			name = Debug;
		};
		D0B2E82D227341E400840E5A /* Release */ = {
			isa = XCBuildConfiguration;
			buildSettings = {
				ALWAYS_EMBED_SWIFT_STANDARD_LIBRARIES = YES;
				CODE_SIGN_STYLE = Automatic;
				INFOPLIST_FILE = agingPeopleUITests/Info.plist;
				LD_RUNPATH_SEARCH_PATHS = (
					"$(inherited)",
					"@executable_path/Frameworks",
					"@loader_path/Frameworks",
				);
				PRODUCT_BUNDLE_IDENTIFIER = com.justin.agingPeopleUITests;
				PRODUCT_NAME = "$(TARGET_NAME)";
				SWIFT_VERSION = 4.2;
				TARGETED_DEVICE_FAMILY = "1,2";
				TEST_TARGET_NAME = agingPeople;
			};
			name = Release;
		};
/* End XCBuildConfiguration section */

/* Begin XCConfigurationList section */
		D0B2E7F8227341E200840E5A /* Build configuration list for PBXProject "agingPeople" */ = {
			isa = XCConfigurationList;
			buildConfigurations = (
				D0B2E823227341E400840E5A /* Debug */,
				D0B2E824227341E400840E5A /* Release */,
			);
			defaultConfigurationIsVisible = 0;
			defaultConfigurationName = Release;
		};
		D0B2E825227341E400840E5A /* Build configuration list for PBXNativeTarget "agingPeople" */ = {
			isa = XCConfigurationList;
			buildConfigurations = (
				D0B2E826227341E400840E5A /* Debug */,
				D0B2E827227341E400840E5A /* Release */,
			);
			defaultConfigurationIsVisible = 0;
			defaultConfigurationName = Release;
		};
		D0B2E828227341E400840E5A /* Build configuration list for PBXNativeTarget "agingPeopleTests" */ = {
			isa = XCConfigurationList;
			buildConfigurations = (
				D0B2E829227341E400840E5A /* Debug */,
				D0B2E82A227341E400840E5A /* Release */,
			);
			defaultConfigurationIsVisible = 0;
			defaultConfigurationName = Release;
		};
		D0B2E82B227341E400840E5A /* Build configuration list for PBXNativeTarget "agingPeopleUITests" */ = {
			isa = XCConfigurationList;
			buildConfigurations = (
				D0B2E82C227341E400840E5A /* Debug */,
				D0B2E82D227341E400840E5A /* Release */,
			);
			defaultConfigurationIsVisible = 0;
			defaultConfigurationName = Release;
		};
/* End XCConfigurationList section */
	};
	rootObject = D0B2E7F5227341E200840E5A /* Project object */;
}
